
Microsoft Visual Studio Solution File, Format Version 12.00
# Visual Studio 14
VisualStudioVersion = 14.0.25420.1
MinimumVisualStudioVersion = 10.0.40219.1
Project("{FAE04EC0-301F-11D3-BF4B-00C04F79EFBC}") = "Ngui", "Ngui\Ngui.csproj", "{AC0F8B23-DD41-4BAB-A967-AA2C33BB1D0B}"
EndProject
Project("{FAE04EC0-301F-11D3-BF4B-00C04F79EFBC}") = "Contextual", "Contextual\Contextual.csproj", "{4FA683FF-627F-49FE-9046-B1E9049CBE14}"
EndProject
Project("{FAE04EC0-301F-11D3-BF4B-00C04F79EFBC}") = "Vectrosity", "Vectrosity\Vectrosity.csproj", "{742472E2-310C-430C-A59B-1B527D852181}"
EndProject
Project("{FAE04EC0-301F-11D3-BF4B-00C04F79EFBC}") = "ContextualEditor", "ContextualEditor\ContextualEditor.csproj", "{4CA92DEB-90B8-4347-B1B7-58BE8CB8DE97}"
EndProject
Project("{FAE04EC0-301F-11D3-BF4B-00C04F79EFBC}") = "ContextualExamples", "ContextualExamples\ContextualExamples.csproj", "{47A9DA1E-AC47-4DEA-A05B-EAE411B5CE38}"
EndProject
Project("{FAE04EC0-301F-11D3-BF4B-00C04F79EFBC}") = "NguiEditor", "NguiEditor\NguiEditor.csproj", "{99D34A21-2FF7-4FB8-89B6-2552CE630941}"
EndProject
Project("{FAE04EC0-301F-11D3-BF4B-00C04F79EFBC}") = "NguiExamples", "NguiExamples\NguiExamples.csproj", "{B865439C-3030-458A-8E76-9398D05128C3}"
EndProject
Project("{FAE04EC0-301F-11D3-BF4B-00C04F79EFBC}") = "AStar", "AStar\AStar.csproj", "{7E32BD55-F315-4BDE-885C-646841C273F7}"
EndProject
Project("{2150E333-8FDC-42A3-9474-1A3956D46DE8}") = "AStarPlugins", "AStarPlugins", "{250733FE-01D4-469A-89B9-20F929CCF094}"
EndProject
Project("{2150E333-8FDC-42A3-9474-1A3956D46DE8}") = "DotNetZip", "DotNetZip", "{6AE1FB36-A813-4126-99BE-9DB7C87D48AE}"
	ProjectSection(SolutionItems) = preProject
		AStarPlugins\DotNetZip\Pathfinding.Ionic.Zip.Reduced.dll = AStarPlugins\DotNetZip\Pathfinding.Ionic.Zip.Reduced.dll
	EndProjectSection
EndProject
Project("{FAE04EC0-301F-11D3-BF4B-00C04F79EFBC}") = "AStarEditor", "AStarEditor\AStarEditor.csproj", "{89B92DFD-410D-4E95-BF4E-4A42868C5AE3}"
EndProject
Project("{FAE04EC0-301F-11D3-BF4B-00C04F79EFBC}") = "SpaceD", "SpaceD\SpaceD.csproj", "{D1D9E6DA-D2AC-4CDC-B8A8-3B749D41CA5E}"
EndProject
Project("{FAE04EC0-301F-11D3-BF4B-00C04F79EFBC}") = "SpaceDEditor", "SpaceDEditor\SpaceDEditor.csproj", "{AA50E65A-29E5-4AD1-AA83-B643645988E0}"
EndProject
Project("{FAE04EC0-301F-11D3-BF4B-00C04F79EFBC}") = "SciFiEffects", "SciFiEffects\SciFiEffects.csproj", "{52F03259-41A7-445F-8D51-1BCDD5AE7520}"
EndProject
Project("{FAE04EC0-301F-11D3-BF4B-00C04F79EFBC}") = "SoundManagerPro", "SoundManagerPro\SoundManagerPro.csproj", "{6150DE6A-13CE-45C9-9254-1486A6BC6661}"
EndProject
Project("{FAE04EC0-301F-11D3-BF4B-00C04F79EFBC}") = "SoundManagerProEditor", "SoundManagerProEditor\SoundManagerProEditor.csproj", "{5BA50046-E8DC-454E-AA41-DA6F2EE80741}"
EndProject
Project("{FAE04EC0-301F-11D3-BF4B-00C04F79EFBC}") = "SmoothTurret", "SmoothTurret\SmoothTurret.csproj", "{6AA71C16-BB38-49E0-AF2E-3A623951E2EB}"
EndProject
Project("{FAE04EC0-301F-11D3-BF4B-00C04F79EFBC}") = "VectrosityEditor", "VectrosityEditor\VectrosityEditor.csproj", "{53842EC8-0DA1-4B32-BFE4-F77738BB40E6}"
EndProject
Project("{FAE04EC0-301F-11D3-BF4B-00C04F79EFBC}") = "FSM", "FSM\FSM.csproj", "{84AB84FA-983B-4FB8-BFD9-34D3B93D8000}"
EndProject
Project("{FAE04EC0-301F-11D3-BF4B-00C04F79EFBC}") = "PoolManager", "PoolManager\PoolManager.csproj", "{BFD6CF0B-1826-49F8-8102-5C2ED1294A71}"
EndProject
Project("{FAE04EC0-301F-11D3-BF4B-00C04F79EFBC}") = "PoolManagerEditor", "PoolManagerEditor\PoolManagerEditor.csproj", "{6E590F99-B8B8-4D8F-81D4-23853A44B6D6}"
EndProject
Project("{2150E333-8FDC-42A3-9474-1A3956D46DE8}") = "Clipper", "Clipper", "{8B11661A-1201-4AEE-A98D-932582000BF5}"
	ProjectSection(SolutionItems) = preProject
		AStarPlugins\Clipper\Pathfinding.ClipperLib.dll = AStarPlugins\Clipper\Pathfinding.ClipperLib.dll
	EndProjectSection
EndProject
Project("{2150E333-8FDC-42A3-9474-1A3956D46DE8}") = "Poly2Tri", "Poly2Tri", "{A1736422-DCCB-466A-8B1A-CF5984F76FD1}"
	ProjectSection(SolutionItems) = preProject
		AStarPlugins\Poly2Tri\Pathfinding.Poly2Tri.dll = AStarPlugins\Poly2Tri\Pathfinding.Poly2Tri.dll
	EndProjectSection
EndProject
Project("{FAE04EC0-301F-11D3-BF4B-00C04F79EFBC}") = "GridFramework2", "GridFramework2\GridFramework2.csproj", "{A8831D30-DF32-47B0-8070-BF23E8FEBE53}"
EndProject
Project("{FAE04EC0-301F-11D3-BF4B-00C04F79EFBC}") = "GridFramework2Editor", "GridFramework2Editor\GridFramework2Editor.csproj", "{E57E989D-986B-4190-8054-4C7582E0D00B}"
EndProject
Project("{FAE04EC0-301F-11D3-BF4B-00C04F79EFBC}") = "ScriptableObjectFactory", "ScriptableObjectFactory\ScriptableObjectFactory.csproj", "{8FF21DBB-048A-4258-A8E0-AEAE868D1460}"
EndProject
Project("{2150E333-8FDC-42A3-9474-1A3956D46DE8}") = "Solution Items", "Solution Items", "{506251AC-0A7B-4AE6-B44D-3C8B91E321B6}"
EndProject
Global
	GlobalSection(SolutionConfigurationPlatforms) = preSolution
		Debug|Any CPU = Debug|Any CPU
		Release|Any CPU = Release|Any CPU
	EndGlobalSection
	GlobalSection(ProjectConfigurationPlatforms) = postSolution
		{AC0F8B23-DD41-4BAB-A967-AA2C33BB1D0B}.Debug|Any CPU.ActiveCfg = Debug|Any CPU
		{AC0F8B23-DD41-4BAB-A967-AA2C33BB1D0B}.Debug|Any CPU.Build.0 = Debug|Any CPU
		{AC0F8B23-DD41-4BAB-A967-AA2C33BB1D0B}.Release|Any CPU.ActiveCfg = Release|Any CPU
		{AC0F8B23-DD41-4BAB-A967-AA2C33BB1D0B}.Release|Any CPU.Build.0 = Release|Any CPU
		{4FA683FF-627F-49FE-9046-B1E9049CBE14}.Debug|Any CPU.ActiveCfg = Debug|Any CPU
		{4FA683FF-627F-49FE-9046-B1E9049CBE14}.Debug|Any CPU.Build.0 = Debug|Any CPU
		{4FA683FF-627F-49FE-9046-B1E9049CBE14}.Release|Any CPU.ActiveCfg = Release|Any CPU
		{4FA683FF-627F-49FE-9046-B1E9049CBE14}.Release|Any CPU.Build.0 = Release|Any CPU
		{742472E2-310C-430C-A59B-1B527D852181}.Debug|Any CPU.ActiveCfg = Debug|Any CPU
		{742472E2-310C-430C-A59B-1B527D852181}.Debug|Any CPU.Build.0 = Debug|Any CPU
		{742472E2-310C-430C-A59B-1B527D852181}.Release|Any CPU.ActiveCfg = Release|Any CPU
		{742472E2-310C-430C-A59B-1B527D852181}.Release|Any CPU.Build.0 = Release|Any CPU
		{4CA92DEB-90B8-4347-B1B7-58BE8CB8DE97}.Debug|Any CPU.ActiveCfg = Debug|Any CPU
		{4CA92DEB-90B8-4347-B1B7-58BE8CB8DE97}.Debug|Any CPU.Build.0 = Debug|Any CPU
		{4CA92DEB-90B8-4347-B1B7-58BE8CB8DE97}.Release|Any CPU.ActiveCfg = Release|Any CPU
		{4CA92DEB-90B8-4347-B1B7-58BE8CB8DE97}.Release|Any CPU.Build.0 = Release|Any CPU
		{47A9DA1E-AC47-4DEA-A05B-EAE411B5CE38}.Debug|Any CPU.ActiveCfg = Debug|Any CPU
		{47A9DA1E-AC47-4DEA-A05B-EAE411B5CE38}.Debug|Any CPU.Build.0 = Debug|Any CPU
		{47A9DA1E-AC47-4DEA-A05B-EAE411B5CE38}.Release|Any CPU.ActiveCfg = Release|Any CPU
		{47A9DA1E-AC47-4DEA-A05B-EAE411B5CE38}.Release|Any CPU.Build.0 = Release|Any CPU
		{99D34A21-2FF7-4FB8-89B6-2552CE630941}.Debug|Any CPU.ActiveCfg = Debug|Any CPU
		{99D34A21-2FF7-4FB8-89B6-2552CE630941}.Debug|Any CPU.Build.0 = Debug|Any CPU
		{99D34A21-2FF7-4FB8-89B6-2552CE630941}.Release|Any CPU.ActiveCfg = Release|Any CPU
		{99D34A21-2FF7-4FB8-89B6-2552CE630941}.Release|Any CPU.Build.0 = Release|Any CPU
		{B865439C-3030-458A-8E76-9398D05128C3}.Debug|Any CPU.ActiveCfg = Debug|Any CPU
		{B865439C-3030-458A-8E76-9398D05128C3}.Debug|Any CPU.Build.0 = Debug|Any CPU
		{B865439C-3030-458A-8E76-9398D05128C3}.Release|Any CPU.ActiveCfg = Release|Any CPU
		{B865439C-3030-458A-8E76-9398D05128C3}.Release|Any CPU.Build.0 = Release|Any CPU
		{7E32BD55-F315-4BDE-885C-646841C273F7}.Debug|Any CPU.ActiveCfg = Debug|Any CPU
		{7E32BD55-F315-4BDE-885C-646841C273F7}.Debug|Any CPU.Build.0 = Debug|Any CPU
		{7E32BD55-F315-4BDE-885C-646841C273F7}.Release|Any CPU.ActiveCfg = Release|Any CPU
		{7E32BD55-F315-4BDE-885C-646841C273F7}.Release|Any CPU.Build.0 = Release|Any CPU
		{89B92DFD-410D-4E95-BF4E-4A42868C5AE3}.Debug|Any CPU.ActiveCfg = Debug|Any CPU
		{89B92DFD-410D-4E95-BF4E-4A42868C5AE3}.Debug|Any CPU.Build.0 = Debug|Any CPU
		{89B92DFD-410D-4E95-BF4E-4A42868C5AE3}.Release|Any CPU.ActiveCfg = Release|Any CPU
		{89B92DFD-410D-4E95-BF4E-4A42868C5AE3}.Release|Any CPU.Build.0 = Release|Any CPU
		{D1D9E6DA-D2AC-4CDC-B8A8-3B749D41CA5E}.Debug|Any CPU.ActiveCfg = Debug|Any CPU
		{D1D9E6DA-D2AC-4CDC-B8A8-3B749D41CA5E}.Debug|Any CPU.Build.0 = Debug|Any CPU
		{D1D9E6DA-D2AC-4CDC-B8A8-3B749D41CA5E}.Release|Any CPU.ActiveCfg = Release|Any CPU
		{D1D9E6DA-D2AC-4CDC-B8A8-3B749D41CA5E}.Release|Any CPU.Build.0 = Release|Any CPU
		{AA50E65A-29E5-4AD1-AA83-B643645988E0}.Debug|Any CPU.ActiveCfg = Debug|Any CPU
		{AA50E65A-29E5-4AD1-AA83-B643645988E0}.Debug|Any CPU.Build.0 = Debug|Any CPU
		{AA50E65A-29E5-4AD1-AA83-B643645988E0}.Release|Any CPU.ActiveCfg = Release|Any CPU
		{AA50E65A-29E5-4AD1-AA83-B643645988E0}.Release|Any CPU.Build.0 = Release|Any CPU
		{52F03259-41A7-445F-8D51-1BCDD5AE7520}.Debug|Any CPU.ActiveCfg = Debug|Any CPU
		{52F03259-41A7-445F-8D51-1BCDD5AE7520}.Debug|Any CPU.Build.0 = Debug|Any CPU
		{52F03259-41A7-445F-8D51-1BCDD5AE7520}.Release|Any CPU.ActiveCfg = Release|Any CPU
		{52F03259-41A7-445F-8D51-1BCDD5AE7520}.Release|Any CPU.Build.0 = Release|Any CPU
		{6150DE6A-13CE-45C9-9254-1486A6BC6661}.Debug|Any CPU.ActiveCfg = Debug|Any CPU
		{6150DE6A-13CE-45C9-9254-1486A6BC6661}.Debug|Any CPU.Build.0 = Debug|Any CPU
		{6150DE6A-13CE-45C9-9254-1486A6BC6661}.Release|Any CPU.ActiveCfg = Release|Any CPU
		{6150DE6A-13CE-45C9-9254-1486A6BC6661}.Release|Any CPU.Build.0 = Release|Any CPU
		{5BA50046-E8DC-454E-AA41-DA6F2EE80741}.Debug|Any CPU.ActiveCfg = Debug|Any CPU
		{5BA50046-E8DC-454E-AA41-DA6F2EE80741}.Debug|Any CPU.Build.0 = Debug|Any CPU
		{5BA50046-E8DC-454E-AA41-DA6F2EE80741}.Release|Any CPU.ActiveCfg = Release|Any CPU
		{5BA50046-E8DC-454E-AA41-DA6F2EE80741}.Release|Any CPU.Build.0 = Release|Any CPU
		{6AA71C16-BB38-49E0-AF2E-3A623951E2EB}.Debug|Any CPU.ActiveCfg = Debug|Any CPU
		{6AA71C16-BB38-49E0-AF2E-3A623951E2EB}.Debug|Any CPU.Build.0 = Debug|Any CPU
		{6AA71C16-BB38-49E0-AF2E-3A623951E2EB}.Release|Any CPU.ActiveCfg = Release|Any CPU
		{6AA71C16-BB38-49E0-AF2E-3A623951E2EB}.Release|Any CPU.Build.0 = Release|Any CPU
		{53842EC8-0DA1-4B32-BFE4-F77738BB40E6}.Debug|Any CPU.ActiveCfg = Debug|Any CPU
		{53842EC8-0DA1-4B32-BFE4-F77738BB40E6}.Debug|Any CPU.Build.0 = Debug|Any CPU
		{53842EC8-0DA1-4B32-BFE4-F77738BB40E6}.Release|Any CPU.ActiveCfg = Release|Any CPU
		{53842EC8-0DA1-4B32-BFE4-F77738BB40E6}.Release|Any CPU.Build.0 = Release|Any CPU
		{84AB84FA-983B-4FB8-BFD9-34D3B93D8000}.Debug|Any CPU.ActiveCfg = Debug|Any CPU
		{84AB84FA-983B-4FB8-BFD9-34D3B93D8000}.Debug|Any CPU.Build.0 = Debug|Any CPU
		{84AB84FA-983B-4FB8-BFD9-34D3B93D8000}.Release|Any CPU.ActiveCfg = Release|Any CPU
		{84AB84FA-983B-4FB8-BFD9-34D3B93D8000}.Release|Any CPU.Build.0 = Release|Any CPU
		{BFD6CF0B-1826-49F8-8102-5C2ED1294A71}.Debug|Any CPU.ActiveCfg = Debug|Any CPU
		{BFD6CF0B-1826-49F8-8102-5C2ED1294A71}.Debug|Any CPU.Build.0 = Debug|Any CPU
		{BFD6CF0B-1826-49F8-8102-5C2ED1294A71}.Release|Any CPU.ActiveCfg = Release|Any CPU
		{BFD6CF0B-1826-49F8-8102-5C2ED1294A71}.Release|Any CPU.Build.0 = Release|Any CPU
		{6E590F99-B8B8-4D8F-81D4-23853A44B6D6}.Debug|Any CPU.ActiveCfg = Debug|Any CPU
		{6E590F99-B8B8-4D8F-81D4-23853A44B6D6}.Debug|Any CPU.Build.0 = Debug|Any CPU
		{6E590F99-B8B8-4D8F-81D4-23853A44B6D6}.Release|Any CPU.ActiveCfg = Release|Any CPU
		{6E590F99-B8B8-4D8F-81D4-23853A44B6D6}.Release|Any CPU.Build.0 = Release|Any CPU
		{A8831D30-DF32-47B0-8070-BF23E8FEBE53}.Debug|Any CPU.ActiveCfg = Debug|Any CPU
		{A8831D30-DF32-47B0-8070-BF23E8FEBE53}.Debug|Any CPU.Build.0 = Debug|Any CPU
		{A8831D30-DF32-47B0-8070-BF23E8FEBE53}.Release|Any CPU.ActiveCfg = Release|Any CPU
		{A8831D30-DF32-47B0-8070-BF23E8FEBE53}.Release|Any CPU.Build.0 = Release|Any CPU
		{E57E989D-986B-4190-8054-4C7582E0D00B}.Debug|Any CPU.ActiveCfg = Debug|Any CPU
		{E57E989D-986B-4190-8054-4C7582E0D00B}.Debug|Any CPU.Build.0 = Debug|Any CPU
		{E57E989D-986B-4190-8054-4C7582E0D00B}.Release|Any CPU.ActiveCfg = Release|Any CPU
		{E57E989D-986B-4190-8054-4C7582E0D00B}.Release|Any CPU.Build.0 = Release|Any CPU
		{8FF21DBB-048A-4258-A8E0-AEAE868D1460}.Debug|Any CPU.ActiveCfg = Debug|Any CPU
		{8FF21DBB-048A-4258-A8E0-AEAE868D1460}.Debug|Any CPU.Build.0 = Debug|Any CPU
		{8FF21DBB-048A-4258-A8E0-AEAE868D1460}.Release|Any CPU.ActiveCfg = Release|Any CPU
		{8FF21DBB-048A-4258-A8E0-AEAE868D1460}.Release|Any CPU.Build.0 = Release|Any CPU
	EndGlobalSection
	GlobalSection(SolutionProperties) = preSolution
		HideSolutionNode = FALSE
	EndGlobalSection
	GlobalSection(NestedProjects) = preSolution
		{6AE1FB36-A813-4126-99BE-9DB7C87D48AE} = {250733FE-01D4-469A-89B9-20F929CCF094}
		{8B11661A-1201-4AEE-A98D-932582000BF5} = {250733FE-01D4-469A-89B9-20F929CCF094}
		{A1736422-DCCB-466A-8B1A-CF5984F76FD1} = {250733FE-01D4-469A-89B9-20F929CCF094}
	EndGlobalSection
EndGlobal
